
Microsoft Visual Studio Solution File, Format Version 12.00
# Visual Studio Version 17
VisualStudioVersion = 17.5.002.0
MinimumVisualStudioVersion = 10.0.40219.1
Project("{9A19103F-16F7-4668-BE54-9A1E7A4F7556}") = "App", "App.csproj", "{5728B5BB-80DE-4AB7-B544-197DF0222FA0}"
EndProject
Global
	GlobalSection(SolutionConfigurationPlatforms) = preSolution
		Debug|Any CPU = Debug|Any CPU
		Release|Any CPU = Release|Any CPU
	EndGlobalSection
	GlobalSection(ProjectConfigurationPlatforms) = postSolution
		{5728B5BB-80DE-4AB7-B544-197DF0222FA0}.Debug|Any CPU.ActiveCfg = Debug|Any CPU
		{5728B5BB-80DE-4AB7-B544-197DF0222FA0}.Debug|Any CPU.Build.0 = Debug|Any CPU
		{5728B5BB-80DE-4AB7-B544-197DF0222FA0}.Release|Any CPU.ActiveCfg = Release|Any CPU
		{5728B5BB-80DE-4AB7-B544-197DF0222FA0}.Release|Any CPU.Build.0 = Release|Any CPU
	EndGlobalSection
	GlobalSection(SolutionProperties) = preSolution
		HideSolutionNode = FALSE
	EndGlobalSection
	GlobalSection(ExtensibilityGlobals) = postSolution
		SolutionGuid = {BDD1C3F3-9FA1-420A-A119-4CA9B179C52C}
	EndGlobalSection
EndGlobal
